
Microsoft Visual Studio Solution File, Format Version 12.00
# Visual Studio Version 16
VisualStudioVersion = 16.0.810.14
MinimumVisualStudioVersion = 10.0.40219.1
Project("{FAE04EC0-301F-11D3-BF4B-00C04F79EFBC}") = "PasswordGenerator", "PasswordGenerator\PasswordGenerator.csproj", "{5089E663-FDB4-4AEA-B7E8-1EF5B39F587F}"
EndProject
Global
	GlobalSection(SolutionConfigurationPlatforms) = preSolution
		Debug|Any CPU = Debug|Any CPU
		Release|Any CPU = Release|Any CPU
	EndGlobalSection
	GlobalSection(ProjectConfigurationPlatforms) = postSolution
		{5089E663-FDB4-4AEA-B7E8-1EF5B39F587F}.Debug|Any CPU.ActiveCfg = Debug|Any CPU
		{5089E663-FDB4-4AEA-B7E8-1EF5B39F587F}.Debug|Any CPU.Build.0 = Debug|Any CPU
		{5089E663-FDB4-4AEA-B7E8-1EF5B39F587F}.Release|Any CPU.ActiveCfg = Release|Any CPU
		{5089E663-FDB4-4AEA-B7E8-1EF5B39F587F}.Release|Any CPU.Build.0 = Release|Any CPU
	EndGlobalSection
	GlobalSection(SolutionProperties) = preSolution
		HideSolutionNode = FALSE
	EndGlobalSection
	GlobalSection(ExtensibilityGlobals) = postSolution
		SolutionGuid = {7988F4A5-3E26-4644-BCC3-1AF2485E3824}
	EndGlobalSection
	GlobalSection(MonoDevelopProperties) = preSolution
		Policies = $0
		$0.DotNetNamingPolicy = $1
		$1.DirectoryNamespaceAssociation = PrefixedHierarchical
	EndGlobalSection
EndGlobal
